
Microsoft Visual Studio Solution File, Format Version 12.00
# Visual Studio 15
VisualStudioVersion = 15.0.27703.2035
MinimumVisualStudioVersion = 10.0.40219.1
Project("{FAE04EC0-301F-11D3-BF4B-00C04F79EFBC}") = "DigidoktersNieuwBorghysDomain", "DigidoktersNieuwBorghysDomain\DigidoktersNieuwBorghysDomain.csproj", "{20AA8070-A9FA-49E6-8579-0457BF61E71E}"
EndProject
Project("{FAE04EC0-301F-11D3-BF4B-00C04F79EFBC}") = "DigidoktersNieuwBorghysForms", "DigidoktersNieuwBorghysForms\DigidoktersNieuwBorghysForms.csproj", "{4B32B349-7992-4A06-AE16-4702DD5D2C03}"
EndProject
Global
	GlobalSection(SolutionConfigurationPlatforms) = preSolution
		Debug|Any CPU = Debug|Any CPU
		Release|Any CPU = Release|Any CPU
	EndGlobalSection
	GlobalSection(ProjectConfigurationPlatforms) = postSolution
		{20AA8070-A9FA-49E6-8579-0457BF61E71E}.Debug|Any CPU.ActiveCfg = Debug|Any CPU
		{20AA8070-A9FA-49E6-8579-0457BF61E71E}.Debug|Any CPU.Build.0 = Debug|Any CPU
		{20AA8070-A9FA-49E6-8579-0457BF61E71E}.Release|Any CPU.ActiveCfg = Release|Any CPU
		{20AA8070-A9FA-49E6-8579-0457BF61E71E}.Release|Any CPU.Build.0 = Release|Any CPU
		{4B32B349-7992-4A06-AE16-4702DD5D2C03}.Debug|Any CPU.ActiveCfg = Debug|Any CPU
		{4B32B349-7992-4A06-AE16-4702DD5D2C03}.Debug|Any CPU.Build.0 = Debug|Any CPU
		{4B32B349-7992-4A06-AE16-4702DD5D2C03}.Release|Any CPU.ActiveCfg = Release|Any CPU
		{4B32B349-7992-4A06-AE16-4702DD5D2C03}.Release|Any CPU.Build.0 = Release|Any CPU
	EndGlobalSection
	GlobalSection(SolutionProperties) = preSolution
		HideSolutionNode = FALSE
	EndGlobalSection
	GlobalSection(ExtensibilityGlobals) = postSolution
		SolutionGuid = {BF719D90-91AD-42A9-B049-6B0CC54D4EAE}
	EndGlobalSection
EndGlobal
